// !$*UTF8*$!
{
	archiveVersion = 1;
	classes = {
	};
	objectVersion = 55;
	objects = {

/* Begin PBXBuildFile section */
		FA6E79FB28621FD300F7A2A2 /* AppDelegate.swift in Sources */ = {isa = PBXBuildFile; fileRef = FA6E79FA28621FD300F7A2A2 /* AppDelegate.swift */; };
		FA6E79FD28621FD300F7A2A2 /* SceneDelegate.swift in Sources */ = {isa = PBXBuildFile; fileRef = FA6E79FC28621FD300F7A2A2 /* SceneDelegate.swift */; };
		FA6E79FF28621FD300F7A2A2 /* ViewController.swift in Sources */ = {isa = PBXBuildFile; fileRef = FA6E79FE28621FD300F7A2A2 /* ViewController.swift */; };
		FA6E7A0228621FD300F7A2A2 /* Main.storyboard in Resources */ = {isa = PBXBuildFile; fileRef = FA6E7A0028621FD300F7A2A2 /* Main.storyboard */; };
		FA6E7A0528621FD300F7A2A2 /* artBooks.xcdatamodeld in Sources */ = {isa = PBXBuildFile; fileRef = FA6E7A0328621FD300F7A2A2 /* artBooks.xcdatamodeld */; };
		FA6E7A0728621FD400F7A2A2 /* Assets.xcassets in Resources */ = {isa = PBXBuildFile; fileRef = FA6E7A0628621FD400F7A2A2 /* Assets.xcassets */; };
		FA6E7A0A28621FD400F7A2A2 /* LaunchScreen.storyboard in Resources */ = {isa = PBXBuildFile; fileRef = FA6E7A0828621FD400F7A2A2 /* LaunchScreen.storyboard */; };
		FA6E7A12286220FF00F7A2A2 /* secondController.swift in Sources */ = {isa = PBXBuildFile; fileRef = FA6E7A11286220FF00F7A2A2 /* secondController.swift */; };
/* End PBXBuildFile section */

/* Begin PBXFileReference section */
		FA6E79F728621FD300F7A2A2 /* artBooks.app */ = {isa = PBXFileReference; explicitFileType = wrapper.application; includeInIndex = 0; path = artBooks.app; sourceTree = BUILT_PRODUCTS_DIR; };
		FA6E79FA28621FD300F7A2A2 /* AppDelegate.swift */ = {isa = PBXFileReference; lastKnownFileType = sourcecode.swift; path = AppDelegate.swift; sourceTree = "<group>"; };
		FA6E79FC28621FD300F7A2A2 /* SceneDelegate.swift */ = {isa = PBXFileReference; lastKnownFileType = sourcecode.swift; path = SceneDelegate.swift; sourceTree = "<group>"; };
		FA6E79FE28621FD300F7A2A2 /* ViewController.swift */ = {isa = PBXFileReference; lastKnownFileType = sourcecode.swift; path = ViewController.swift; sourceTree = "<group>"; };
		FA6E7A0128621FD300F7A2A2 /* Base */ = {isa = PBXFileReference; lastKnownFileType = file.storyboard; name = Base; path = Base.lproj/Main.storyboard; sourceTree = "<group>"; };
		FA6E7A0428621FD300F7A2A2 /* artBooks.xcdatamodel */ = {isa = PBXFileReference; lastKnownFileType = wrapper.xcdatamodel; path = artBooks.xcdatamodel; sourceTree = "<group>"; };
		FA6E7A0628621FD400F7A2A2 /* Assets.xcassets */ = {isa = PBXFileReference; lastKnownFileType = folder.assetcatalog; path = Assets.xcassets; sourceTree = "<group>"; };
		FA6E7A0928621FD400F7A2A2 /* Base */ = {isa = PBXFileReference; lastKnownFileType = file.storyboard; name = Base; path = Base.lproj/LaunchScreen.storyboard; sourceTree = "<group>"; };
		FA6E7A0B28621FD400F7A2A2 /* Info.plist */ = {isa = PBXFileReference; lastKnownFileType = text.plist.xml; path = Info.plist; sourceTree = "<group>"; };
		FA6E7A11286220FF00F7A2A2 /* secondController.swift */ = {isa = PBXFileReference; lastKnownFileType = sourcecode.swift; path = secondController.swift; sourceTree = "<group>"; };
/* End PBXFileReference section */

/* Begin PBXFrameworksBuildPhase section */
		FA6E79F428621FD300F7A2A2 /* Frameworks */ = {
			isa = PBXFrameworksBuildPhase;
			buildActionMask = 2147483647;
			files = (
			);
			runOnlyForDeploymentPostprocessing = 0;
		};
/* End PBXFrameworksBuildPhase section */

/* Begin PBXGroup section */
		FA6E79EE28621FD300F7A2A2 = {
			isa = PBXGroup;
			children = (
				FA6E79F928621FD300F7A2A2 /* artBooks */,
				FA6E79F828621FD300F7A2A2 /* Products */,
			);
			sourceTree = "<group>";
		};
		FA6E79F828621FD300F7A2A2 /* Products */ = {
			isa = PBXGroup;
			children = (
				FA6E79F728621FD300F7A2A2 /* artBooks.app */,
			);
			name = Products;
			sourceTree = "<group>";
		};
		FA6E79F928621FD300F7A2A2 /* artBooks */ = {
			isa = PBXGroup;
			children = (
				FA6E79FA28621FD300F7A2A2 /* AppDelegate.swift */,
				FA6E79FC28621FD300F7A2A2 /* SceneDelegate.swift */,
				FA6E79FE28621FD300F7A2A2 /* ViewController.swift */,
				FA6E7A11286220FF00F7A2A2 /* secondController.swift */,
				FA6E7A0028621FD300F7A2A2 /* Main.storyboard */,
				FA6E7A0628621FD400F7A2A2 /* Assets.xcassets */,
				FA6E7A0828621FD400F7A2A2 /* LaunchScreen.storyboard */,
				FA6E7A0B28621FD400F7A2A2 /* Info.plist */,
				FA6E7A0328621FD300F7A2A2 /* artBooks.xcdatamodeld */,
			);
			path = artBooks;
			sourceTree = "<group>";
		};
/* End PBXGroup section */

/* Begin PBXNativeTarget section */
		FA6E79F628621FD300F7A2A2 /* artBooks */ = {
			isa = PBXNativeTarget;
			buildConfigurationList = FA6E7A0E28621FD400F7A2A2 /* Build configuration list for PBXNativeTarget "artBooks" */;
			buildPhases = (
				FA6E79F328621FD300F7A2A2 /* Sources */,
				FA6E79F428621FD300F7A2A2 /* Frameworks */,
				FA6E79F528621FD300F7A2A2 /* Resources */,
			);
			buildRules = (
			);
			dependencies = (
			);
			name = artBooks;
			productName = artBooks;
			productReference = FA6E79F728621FD300F7A2A2 /* artBooks.app */;
			productType = "com.apple.product-type.application";
		};
/* End PBXNativeTarget section */

/* Begin PBXProject section */
		FA6E79EF28621FD300F7A2A2 /* Project object */ = {
			isa = PBXProject;
			attributes = {
				BuildIndependentTargetsInParallel = 1;
				LastSwiftUpdateCheck = 1340;
				LastUpgradeCheck = 1340;
				TargetAttributes = {
					FA6E79F628621FD300F7A2A2 = {
						CreatedOnToolsVersion = 13.4.1;
					};
				};
			};
			buildConfigurationList = FA6E79F228621FD300F7A2A2 /* Build configuration list for PBXProject "artBooks" */;
			compatibilityVersion = "Xcode 13.0";
			developmentRegion = en;
			hasScannedForEncodings = 0;
			knownRegions = (
				en,
				Base,
			);
			mainGroup = FA6E79EE28621FD300F7A2A2;
			productRefGroup = FA6E79F828621FD300F7A2A2 /* Products */;
			projectDirPath = "";
			projectRoot = "";
			targets = (
				FA6E79F628621FD300F7A2A2 /* artBooks */,
			);
		};
/* End PBXProject section */

/* Begin PBXResourcesBuildPhase section */
		FA6E79F528621FD300F7A2A2 /* Resources */ = {
			isa = PBXResourcesBuildPhase;
			buildActionMask = 2147483647;
			files = (
				FA6E7A0A28621FD400F7A2A2 /* LaunchScreen.storyboard in Resources */,
				FA6E7A0728621FD400F7A2A2 /* Assets.xcassets in Resources */,
				FA6E7A0228621FD300F7A2A2 /* Main.storyboard in Resources */,
			);
			runOnlyForDeploymentPostprocessing = 0;
		};
/* End PBXResourcesBuildPhase section */

/* Begin PBXSourcesBuildPhase section */
		FA6E79F328621FD300F7A2A2 /* Sources */ = {
			isa = PBXSourcesBuildPhase;
			buildActionMask = 2147483647;
			files = (
				FA6E79FF28621FD300F7A2A2 /* ViewController.swift in Sources */,
				FA6E79FB28621FD300F7A2A2 /* AppDelegate.swift in Sources */,
				FA6E7A12286220FF00F7A2A2 /* secondController.swift in Sources */,
				FA6E7A0528621FD300F7A2A2 /* artBooks.xcdatamodeld in Sources */,
				FA6E79FD28621FD300F7A2A2 /* SceneDelegate.swift in Sources */,
			);
			runOnlyForDeploymentPostprocessing = 0;
		};
/* End PBXSourcesBuildPhase section */

/* Begin PBXVariantGroup section */
		FA6E7A0028621FD300F7A2A2 /* Main.storyboard */ = {
			isa = PBXVariantGroup;
			children = (
				FA6E7A0128621FD300F7A2A2 /* Base */,
			);
			name = Main.storyboard;
			sourceTree = "<group>";
		};
		FA6E7A0828621FD400F7A2A2 /* LaunchScreen.storyboard */ = {
			isa = PBXVariantGroup;
			children = (
				FA6E7A0928621FD400F7A2A2 /* Base */,
			);
			name = LaunchScreen.storyboard;
			sourceTree = "<group>";
		};
/* End PBXVariantGroup section */

/* Begin XCBuildConfiguration section */
		FA6E7A0C28621FD400F7A2A2 /* Debug */ = {
			isa = XCBuildConfiguration;
			buildSettings = {
				ALWAYS_SEARCH_USER_PATHS = NO;
				CLANG_ANALYZER_NONNULL = YES;
				CLANG_ANALYZER_NUMBER_OBJECT_CONVERSION = YES_AGGRESSIVE;
				CLANG_CXX_LANGUAGE_STANDARD = "gnu++17";
				CLANG_ENABLE_MODULES = YES;
				CLANG_ENABLE_OBJC_ARC = YES;
				CLANG_ENABLE_OBJC_WEAK = YES;
				CLANG_WARN_BLOCK_CAPTURE_AUTORELEASING = YES;
				CLANG_WARN_BOOL_CONVERSION = YES;
				CLANG_WARN_COMMA = YES;
				CLANG_WARN_CONSTANT_CONVERSION = YES;
				CLANG_WARN_DEPRECATED_OBJC_IMPLEMENTATIONS = YES;
				CLANG_WARN_DIRECT_OBJC_ISA_USAGE = YES_ERROR;
				CLANG_WARN_DOCUMENTATION_COMMENTS = YES;
				CLANG_WARN_EMPTY_BODY = YES;
				CLANG_WARN_ENUM_CONVERSION = YES;
				CLANG_WARN_INFINITE_RECURSION = YES;
				CLANG_WARN_INT_CONVERSION = YES;
				CLANG_WARN_NON_LITERAL_NULL_CONVERSION = YES;
				CLANG_WARN_OBJC_IMPLICIT_RETAIN_SELF = YES;
				CLANG_WARN_OBJC_LITERAL_CONVERSION = YES;
				CLANG_WARN_OBJC_ROOT_CLASS = YES_ERROR;
				CLANG_WARN_QUOTED_INCLUDE_IN_FRAMEWORK_HEADER = YES;
				CLANG_WARN_RANGE_LOOP_ANALYSIS = YES;
				CLANG_WARN_STRICT_PROTOTYPES = YES;
				CLANG_WARN_SUSPICIOUS_MOVE = YES;
				CLANG_WARN_UNGUARDED_AVAILABILITY = YES_AGGRESSIVE;
				CLANG_WARN_UNREACHABLE_CODE = YES;
				CLANG_WARN__DUPLICATE_METHOD_MATCH = YES;
				COPY_PHASE_STRIP = NO;
				DEBUG_INFORMATION_FORMAT = dwarf;
				ENABLE_STRICT_OBJC_MSGSEND = YES;
				ENABLE_TESTABILITY = YES;
				GCC_C_LANGUAGE_STANDARD = gnu11;
				GCC_DYNAMIC_NO_PIC = NO;
				GCC_NO_COMMON_BLOCKS = YES;
				GCC_OPTIMIZATION_LEVEL = 0;
				GCC_PREPROCESSOR_DEFINITIONS = (
					"DEBUG=1",
					"$(inherited)",
				);
				GCC_WARN_64_TO_32_BIT_CONVERSION = YES;
				GCC_WARN_ABOUT_RETURN_TYPE = YES_ERROR;
				GCC_WARN_UNDECLARED_SELECTOR = YES;
				GCC_WARN_UNINITIALIZED_AUTOS = YES_AGGRESSIVE;
				GCC_WARN_UNUSED_FUNCTION = YES;
				GCC_WARN_UNUSED_VARIABLE = YES;
				IPHONEOS_DEPLOYMENT_TARGET = 15.5;
				MTL_ENABLE_DEBUG_INFO = INCLUDE_SOURCE;
				MTL_FAST_MATH = YES;
				ONLY_ACTIVE_ARCH = YES;
				SDKROOT = iphoneos;
				SWIFT_ACTIVE_COMPILATION_CONDITIONS = DEBUG;
				SWIFT_OPTIMIZATION_LEVEL = "-Onone";
			};
			name = Debug;
		};
		FA6E7A0D28621FD400F7A2A2 /* Release */ = {
			isa = XCBuildConfiguration;
			buildSettings = {
				ALWAYS_SEARCH_USER_PATHS = NO;
				CLANG_ANALYZER_NONNULL = YES;
				CLANG_ANALYZER_NUMBER_OBJECT_CONVERSION = YES_AGGRESSIVE;
				CLANG_CXX_LANGUAGE_STANDARD = "gnu++17";
				CLANG_ENABLE_MODULES = YES;
				CLANG_ENABLE_OBJC_ARC = YES;
				CLANG_ENABLE_OBJC_WEAK = YES;
				CLANG_WARN_BLOCK_CAPTURE_AUTORELEASING = YES;
				CLANG_WARN_BOOL_CONVERSION = YES;
				CLANG_WARN_COMMA = YES;
				CLANG_WARN_CONSTANT_CONVERSION = YES;
				CLANG_WARN_DEPRECATED_OBJC_IMPLEMENTATIONS = YES;
				CLANG_WARN_DIRECT_OBJC_ISA_USAGE = YES_ERROR;
				CLANG_WARN_DOCUMENTATION_COMMENTS = YES;
				CLANG_WARN_EMPTY_BODY = YES;
				CLANG_WARN_ENUM_CONVERSION = YES;
				CLANG_WARN_INFINITE_RECURSION = YES;
				CLANG_WARN_INT_CONVERSION = YES;
				CLANG_WARN_NON_LITERAL_NULL_CONVERSION = YES;
				CLANG_WARN_OBJC_IMPLICIT_RETAIN_SELF = YES;
				CLANG_WARN_OBJC_LITERAL_CONVERSION = YES;
				CLANG_WARN_OBJC_ROOT_CLASS = YES_ERROR;
				CLANG_WARN_QUOTED_INCLUDE_IN_FRAMEWORK_HEADER = YES;
				CLANG_WARN_RANGE_LOOP_ANALYSIS = YES;
				CLANG_WARN_STRICT_PROTOTYPES = YES;
				CLANG_WARN_SUSPICIOUS_MOVE = YES;
				CLANG_WARN_UNGUARDED_AVAILABILITY = YES_AGGRESSIVE;
				CLANG_WARN_UNREACHABLE_CODE = YES;
				CLANG_WARN__DUPLICATE_METHOD_MATCH = YES;
				COPY_PHASE_STRIP = NO;
				DEBUG_INFORMATION_FORMAT = "dwarf-with-dsym";
				ENABLE_NS_ASSERTIONS = NO;
				ENABLE_STRICT_OBJC_MSGSEND = YES;
				GCC_C_LANGUAGE_STANDARD = gnu11;
				GCC_NO_COMMON_BLOCKS = YES;
				GCC_WARN_64_TO_32_BIT_CONVERSION = YES;
				GCC_WARN_ABOUT_RETURN_TYPE = YES_ERROR;
				GCC_WARN_UNDECLARED_SELECTOR = YES;
				GCC_WARN_UNINITIALIZED_AUTOS = YES_AGGRESSIVE;
				GCC_WARN_UNUSED_FUNCTION = YES;
				GCC_WARN_UNUSED_VARIABLE = YES;
				IPHONEOS_DEPLOYMENT_TARGET = 15.5;
				MTL_ENABLE_DEBUG_INFO = NO;
				MTL_FAST_MATH = YES;
				SDKROOT = iphoneos;
				SWIFT_COMPILATION_MODE = wholemodule;
				SWIFT_OPTIMIZATION_LEVEL = "-O";
				VALIDATE_PRODUCT = YES;
			};
			name = Release;
		};
		FA6E7A0F28621FD400F7A2A2 /* Debug */ = {
			isa = XCBuildConfiguration;
			buildSettings = {
				ASSETCATALOG_COMPILER_APPICON_NAME = AppIcon;
				ASSETCATALOG_COMPILER_GLOBAL_ACCENT_COLOR_NAME = AccentColor;
				CODE_SIGN_STYLE = Automatic;
				CURRENT_PROJECT_VERSION = 1;
				DEVELOPMENT_TEAM = 2MZZ36MSKF;
				GENERATE_INFOPLIST_FILE = YES;
				INFOPLIST_FILE = artBooks/Info.plist;
				INFOPLIST_KEY_UIApplicationSupportsIndirectInputEvents = YES;
				INFOPLIST_KEY_UILaunchStoryboardName = LaunchScreen;
				INFOPLIST_KEY_UIMainStoryboardFile = Main;
				INFOPLIST_KEY_UISupportedInterfaceOrientations_iPad = "UIInterfaceOrientationPortrait UIInterfaceOrientationPortraitUpsideDown UIInterfaceOrientationLandscapeLeft UIInterfaceOrientationLandscapeRight";
				INFOPLIST_KEY_UISupportedInterfaceOrientations_iPhone = "UIInterfaceOrientationPortrait UIInterfaceOrientationLandscapeLeft UIInterfaceOrientationLandscapeRight";
				LD_RUNPATH_SEARCH_PATHS = (
					"$(inherited)",
					"@executable_path/Frameworks",
				);
				MARKETING_VERSION = 1.0;
				PRODUCT_BUNDLE_IDENTIFIER = antalyalie.artBooks;
				PRODUCT_NAME = "$(TARGET_NAME)";
				SWIFT_EMIT_LOC_STRINGS = YES;
				SWIFT_VERSION = 5.0;
				TARGETED_DEVICE_FAMILY = "1,2";
			};
			name = Debug;
		};
		FA6E7A1028621FD400F7A2A2 /* Release */ = {
			isa = XCBuildConfiguration;
			buildSettings = {
				ASSETCATALOG_COMPILER_APPICON_NAME = AppIcon;
				ASSETCATALOG_COMPILER_GLOBAL_ACCENT_COLOR_NAME = AccentColor;
				CODE_SIGN_STYLE = Automatic;
				CURRENT_PROJECT_VERSION = 1;
				DEVELOPMENT_TEAM = 2MZZ36MSKF;
				GENERATE_INFOPLIST_FILE = YES;
				INFOPLIST_FILE = artBooks/Info.plist;
				INFOPLIST_KEY_UIApplicationSupportsIndirectInputEvents = YES;
				INFOPLIST_KEY_UILaunchStoryboardName = LaunchScreen;
				INFOPLIST_KEY_UIMainStoryboardFile = Main;
				INFOPLIST_KEY_UISupportedInterfaceOrientations_iPad = "UIInterfaceOrientationPortrait UIInterfaceOrientationPortraitUpsideDown UIInterfaceOrientationLandscapeLeft UIInterfaceOrientationLandscapeRight";
				INFOPLIST_KEY_UISupportedInterfaceOrientations_iPhone = "UIInterfaceOrientationPortrait UIInterfaceOrientationLandscapeLeft UIInterfaceOrientationLandscapeRight";
				LD_RUNPATH_SEARCH_PATHS = (
					"$(inherited)",
					"@executable_path/Frameworks",
				);
				MARKETING_VERSION = 1.0;
				PRODUCT_BUNDLE_IDENTIFIER = antalyalie.artBooks;
				PRODUCT_NAME = "$(TARGET_NAME)";
				SWIFT_EMIT_LOC_STRINGS = YES;
				SWIFT_VERSION = 5.0;
				TARGETED_DEVICE_FAMILY = "1,2";
			};
			name = Release;
		};
/* End XCBuildConfiguration section */

/* Begin XCConfigurationList section */
		FA6E79F228621FD300F7A2A2 /* Build configuration list for PBXProject "artBooks" */ = {
			isa = XCConfigurationList;
			buildConfigurations = (
				FA6E7A0C28621FD400F7A2A2 /* Debug */,
				FA6E7A0D28621FD400F7A2A2 /* Release */,
			);
			defaultConfigurationIsVisible = 0;
			defaultConfigurationName = Release;
		};
		FA6E7A0E28621FD400F7A2A2 /* Build configuration list for PBXNativeTarget "artBooks" */ = {
			isa = XCConfigurationList;
			buildConfigurations = (
				FA6E7A0F28621FD400F7A2A2 /* Debug */,
				FA6E7A1028621FD400F7A2A2 /* Release */,
			);
			defaultConfigurationIsVisible = 0;
			defaultConfigurationName = Release;
		};
/* End XCConfigurationList section */

/* Begin XCVersionGroup section */
		FA6E7A0328621FD300F7A2A2 /* artBooks.xcdatamodeld */ = {
			isa = XCVersionGroup;
			children = (
				FA6E7A0428621FD300F7A2A2 /* artBooks.xcdatamodel */,
			);
			currentVersion = FA6E7A0428621FD300F7A2A2 /* artBooks.xcdatamodel */;
			path = artBooks.xcdatamodeld;
			sourceTree = "<group>";
			versionGroupType = wrapper.xcdatamodel;
		};
/* End XCVersionGroup section */
	};
	rootObject = FA6E79EF28621FD300F7A2A2 /* Project object */;
}
