// !$*UTF8*$!
{
	archiveVersion = 1;
	classes = {
	};
	objectVersion = 55;
	objects = {

/* Begin PBXBuildFile section */
		FABB7C2828DA555A00D270D6 /* AppDelegate.swift in Sources */ = {isa = PBXBuildFile; fileRef = FABB7C2728DA555A00D270D6 /* AppDelegate.swift */; };
		FABB7C2A28DA555A00D270D6 /* SceneDelegate.swift in Sources */ = {isa = PBXBuildFile; fileRef = FABB7C2928DA555A00D270D6 /* SceneDelegate.swift */; };
		FABB7C2C28DA555A00D270D6 /* ViewController.swift in Sources */ = {isa = PBXBuildFile; fileRef = FABB7C2B28DA555A00D270D6 /* ViewController.swift */; };
		FABB7C2F28DA555A00D270D6 /* Main.storyboard in Resources */ = {isa = PBXBuildFile; fileRef = FABB7C2D28DA555A00D270D6 /* Main.storyboard */; };
		FABB7C3128DA555D00D270D6 /* Assets.xcassets in Resources */ = {isa = PBXBuildFile; fileRef = FABB7C3028DA555D00D270D6 /* Assets.xcassets */; };
		FABB7C3428DA555D00D270D6 /* LaunchScreen.storyboard in Resources */ = {isa = PBXBuildFile; fileRef = FABB7C3228DA555D00D270D6 /* LaunchScreen.storyboard */; };
		FABB7C3D28DA557700D270D6 /* RxCocoa in Frameworks */ = {isa = PBXBuildFile; productRef = FABB7C3C28DA557700D270D6 /* RxCocoa */; };
		FABB7C3F28DA557700D270D6 /* RxSwift in Frameworks */ = {isa = PBXBuildFile; productRef = FABB7C3E28DA557700D270D6 /* RxSwift */; };
		FABB7C4128DA563700D270D6 /* ListModel.swift in Sources */ = {isa = PBXBuildFile; fileRef = FABB7C4028DA563700D270D6 /* ListModel.swift */; };
		FABB7C4328DA566500D270D6 /* ListViewModel.swift in Sources */ = {isa = PBXBuildFile; fileRef = FABB7C4228DA566500D270D6 /* ListViewModel.swift */; };
/* End PBXBuildFile section */

/* Begin PBXFileReference section */
		FABB7C2428DA555900D270D6 /* RxSwiftCarList.app */ = {isa = PBXFileReference; explicitFileType = wrapper.application; includeInIndex = 0; path = RxSwiftCarList.app; sourceTree = BUILT_PRODUCTS_DIR; };
		FABB7C2728DA555A00D270D6 /* AppDelegate.swift */ = {isa = PBXFileReference; lastKnownFileType = sourcecode.swift; path = AppDelegate.swift; sourceTree = "<group>"; };
		FABB7C2928DA555A00D270D6 /* SceneDelegate.swift */ = {isa = PBXFileReference; lastKnownFileType = sourcecode.swift; path = SceneDelegate.swift; sourceTree = "<group>"; };
		FABB7C2B28DA555A00D270D6 /* ViewController.swift */ = {isa = PBXFileReference; lastKnownFileType = sourcecode.swift; path = ViewController.swift; sourceTree = "<group>"; };
		FABB7C2E28DA555A00D270D6 /* Base */ = {isa = PBXFileReference; lastKnownFileType = file.storyboard; name = Base; path = Base.lproj/Main.storyboard; sourceTree = "<group>"; };
		FABB7C3028DA555D00D270D6 /* Assets.xcassets */ = {isa = PBXFileReference; lastKnownFileType = folder.assetcatalog; path = Assets.xcassets; sourceTree = "<group>"; };
		FABB7C3328DA555D00D270D6 /* Base */ = {isa = PBXFileReference; lastKnownFileType = file.storyboard; name = Base; path = Base.lproj/LaunchScreen.storyboard; sourceTree = "<group>"; };
		FABB7C3528DA555D00D270D6 /* Info.plist */ = {isa = PBXFileReference; lastKnownFileType = text.plist.xml; path = Info.plist; sourceTree = "<group>"; };
		FABB7C4028DA563700D270D6 /* ListModel.swift */ = {isa = PBXFileReference; lastKnownFileType = sourcecode.swift; path = ListModel.swift; sourceTree = "<group>"; };
		FABB7C4228DA566500D270D6 /* ListViewModel.swift */ = {isa = PBXFileReference; lastKnownFileType = sourcecode.swift; path = ListViewModel.swift; sourceTree = "<group>"; };
/* End PBXFileReference section */

/* Begin PBXFrameworksBuildPhase section */
		FABB7C2128DA555900D270D6 /* Frameworks */ = {
			isa = PBXFrameworksBuildPhase;
			buildActionMask = 2147483647;
			files = (
				FABB7C3F28DA557700D270D6 /* RxSwift in Frameworks */,
				FABB7C3D28DA557700D270D6 /* RxCocoa in Frameworks */,
			);
			runOnlyForDeploymentPostprocessing = 0;
		};
/* End PBXFrameworksBuildPhase section */

/* Begin PBXGroup section */
		FABB7C1B28DA555900D270D6 = {
			isa = PBXGroup;
			children = (
				FABB7C2628DA555900D270D6 /* RxSwiftCarList */,
				FABB7C2528DA555900D270D6 /* Products */,
			);
			sourceTree = "<group>";
		};
		FABB7C2528DA555900D270D6 /* Products */ = {
			isa = PBXGroup;
			children = (
				FABB7C2428DA555900D270D6 /* RxSwiftCarList.app */,
			);
			name = Products;
			sourceTree = "<group>";
		};
		FABB7C2628DA555900D270D6 /* RxSwiftCarList */ = {
			isa = PBXGroup;
			children = (
				FABB7C2728DA555A00D270D6 /* AppDelegate.swift */,
				FABB7C2928DA555A00D270D6 /* SceneDelegate.swift */,
				FABB7C2B28DA555A00D270D6 /* ViewController.swift */,
				FABB7C2D28DA555A00D270D6 /* Main.storyboard */,
				FABB7C3028DA555D00D270D6 /* Assets.xcassets */,
				FABB7C3228DA555D00D270D6 /* LaunchScreen.storyboard */,
				FABB7C3528DA555D00D270D6 /* Info.plist */,
				FABB7C4028DA563700D270D6 /* ListModel.swift */,
				FABB7C4228DA566500D270D6 /* ListViewModel.swift */,
			);
			path = RxSwiftCarList;
			sourceTree = "<group>";
		};
/* End PBXGroup section */

/* Begin PBXNativeTarget section */
		FABB7C2328DA555900D270D6 /* RxSwiftCarList */ = {
			isa = PBXNativeTarget;
			buildConfigurationList = FABB7C3828DA555D00D270D6 /* Build configuration list for PBXNativeTarget "RxSwiftCarList" */;
			buildPhases = (
				FABB7C2028DA555900D270D6 /* Sources */,
				FABB7C2128DA555900D270D6 /* Frameworks */,
				FABB7C2228DA555900D270D6 /* Resources */,
			);
			buildRules = (
			);
			dependencies = (
			);
			name = RxSwiftCarList;
			packageProductDependencies = (
				FABB7C3C28DA557700D270D6 /* RxCocoa */,
				FABB7C3E28DA557700D270D6 /* RxSwift */,
			);
			productName = RxSwiftCarList;
			productReference = FABB7C2428DA555900D270D6 /* RxSwiftCarList.app */;
			productType = "com.apple.product-type.application";
		};
/* End PBXNativeTarget section */

/* Begin PBXProject section */
		FABB7C1C28DA555900D270D6 /* Project object */ = {
			isa = PBXProject;
			attributes = {
				BuildIndependentTargetsInParallel = 1;
				LastSwiftUpdateCheck = 1340;
				LastUpgradeCheck = 1340;
				TargetAttributes = {
					FABB7C2328DA555900D270D6 = {
						CreatedOnToolsVersion = 13.4.1;
					};
				};
			};
			buildConfigurationList = FABB7C1F28DA555900D270D6 /* Build configuration list for PBXProject "RxSwiftCarList" */;
			compatibilityVersion = "Xcode 13.0";
			developmentRegion = en;
			hasScannedForEncodings = 0;
			knownRegions = (
				en,
				Base,
			);
			mainGroup = FABB7C1B28DA555900D270D6;
			packageReferences = (
				FABB7C3B28DA557700D270D6 /* XCRemoteSwiftPackageReference "RxSwift" */,
			);
			productRefGroup = FABB7C2528DA555900D270D6 /* Products */;
			projectDirPath = "";
			projectRoot = "";
			targets = (
				FABB7C2328DA555900D270D6 /* RxSwiftCarList */,
			);
		};
/* End PBXProject section */

/* Begin PBXResourcesBuildPhase section */
		FABB7C2228DA555900D270D6 /* Resources */ = {
			isa = PBXResourcesBuildPhase;
			buildActionMask = 2147483647;
			files = (
				FABB7C3428DA555D00D270D6 /* LaunchScreen.storyboard in Resources */,
				FABB7C3128DA555D00D270D6 /* Assets.xcassets in Resources */,
				FABB7C2F28DA555A00D270D6 /* Main.storyboard in Resources */,
			);
			runOnlyForDeploymentPostprocessing = 0;
		};
/* End PBXResourcesBuildPhase section */

/* Begin PBXSourcesBuildPhase section */
		FABB7C2028DA555900D270D6 /* Sources */ = {
			isa = PBXSourcesBuildPhase;
			buildActionMask = 2147483647;
			files = (
				FABB7C4328DA566500D270D6 /* ListViewModel.swift in Sources */,
				FABB7C2C28DA555A00D270D6 /* ViewController.swift in Sources */,
				FABB7C2828DA555A00D270D6 /* AppDelegate.swift in Sources */,
				FABB7C2A28DA555A00D270D6 /* SceneDelegate.swift in Sources */,
				FABB7C4128DA563700D270D6 /* ListModel.swift in Sources */,
			);
			runOnlyForDeploymentPostprocessing = 0;
		};
/* End PBXSourcesBuildPhase section */

/* Begin PBXVariantGroup section */
		FABB7C2D28DA555A00D270D6 /* Main.storyboard */ = {
			isa = PBXVariantGroup;
			children = (
				FABB7C2E28DA555A00D270D6 /* Base */,
			);
			name = Main.storyboard;
			sourceTree = "<group>";
		};
		FABB7C3228DA555D00D270D6 /* LaunchScreen.storyboard */ = {
			isa = PBXVariantGroup;
			children = (
				FABB7C3328DA555D00D270D6 /* Base */,
			);
			name = LaunchScreen.storyboard;
			sourceTree = "<group>";
		};
/* End PBXVariantGroup section */

/* Begin XCBuildConfiguration section */
		FABB7C3628DA555D00D270D6 /* Debug */ = {
			isa = XCBuildConfiguration;
			buildSettings = {
				ALWAYS_SEARCH_USER_PATHS = NO;
				CLANG_ANALYZER_NONNULL = YES;
				CLANG_ANALYZER_NUMBER_OBJECT_CONVERSION = YES_AGGRESSIVE;
				CLANG_CXX_LANGUAGE_STANDARD = "gnu++17";
				CLANG_ENABLE_MODULES = YES;
				CLANG_ENABLE_OBJC_ARC = YES;
				CLANG_ENABLE_OBJC_WEAK = YES;
				CLANG_WARN_BLOCK_CAPTURE_AUTORELEASING = YES;
				CLANG_WARN_BOOL_CONVERSION = YES;
				CLANG_WARN_COMMA = YES;
				CLANG_WARN_CONSTANT_CONVERSION = YES;
				CLANG_WARN_DEPRECATED_OBJC_IMPLEMENTATIONS = YES;
				CLANG_WARN_DIRECT_OBJC_ISA_USAGE = YES_ERROR;
				CLANG_WARN_DOCUMENTATION_COMMENTS = YES;
				CLANG_WARN_EMPTY_BODY = YES;
				CLANG_WARN_ENUM_CONVERSION = YES;
				CLANG_WARN_INFINITE_RECURSION = YES;
				CLANG_WARN_INT_CONVERSION = YES;
				CLANG_WARN_NON_LITERAL_NULL_CONVERSION = YES;
				CLANG_WARN_OBJC_IMPLICIT_RETAIN_SELF = YES;
				CLANG_WARN_OBJC_LITERAL_CONVERSION = YES;
				CLANG_WARN_OBJC_ROOT_CLASS = YES_ERROR;
				CLANG_WARN_QUOTED_INCLUDE_IN_FRAMEWORK_HEADER = YES;
				CLANG_WARN_RANGE_LOOP_ANALYSIS = YES;
				CLANG_WARN_STRICT_PROTOTYPES = YES;
				CLANG_WARN_SUSPICIOUS_MOVE = YES;
				CLANG_WARN_UNGUARDED_AVAILABILITY = YES_AGGRESSIVE;
				CLANG_WARN_UNREACHABLE_CODE = YES;
				CLANG_WARN__DUPLICATE_METHOD_MATCH = YES;
				COPY_PHASE_STRIP = NO;
				DEBUG_INFORMATION_FORMAT = dwarf;
				ENABLE_STRICT_OBJC_MSGSEND = YES;
				ENABLE_TESTABILITY = YES;
				GCC_C_LANGUAGE_STANDARD = gnu11;
				GCC_DYNAMIC_NO_PIC = NO;
				GCC_NO_COMMON_BLOCKS = YES;
				GCC_OPTIMIZATION_LEVEL = 0;
				GCC_PREPROCESSOR_DEFINITIONS = (
					"DEBUG=1",
					"$(inherited)",
				);
				GCC_WARN_64_TO_32_BIT_CONVERSION = YES;
				GCC_WARN_ABOUT_RETURN_TYPE = YES_ERROR;
				GCC_WARN_UNDECLARED_SELECTOR = YES;
				GCC_WARN_UNINITIALIZED_AUTOS = YES_AGGRESSIVE;
				GCC_WARN_UNUSED_FUNCTION = YES;
				GCC_WARN_UNUSED_VARIABLE = YES;
				IPHONEOS_DEPLOYMENT_TARGET = 15.5;
				MTL_ENABLE_DEBUG_INFO = INCLUDE_SOURCE;
				MTL_FAST_MATH = YES;
				ONLY_ACTIVE_ARCH = YES;
				SDKROOT = iphoneos;
				SWIFT_ACTIVE_COMPILATION_CONDITIONS = DEBUG;
				SWIFT_OPTIMIZATION_LEVEL = "-Onone";
			};
			name = Debug;
		};
		FABB7C3728DA555D00D270D6 /* Release */ = {
			isa = XCBuildConfiguration;
			buildSettings = {
				ALWAYS_SEARCH_USER_PATHS = NO;
				CLANG_ANALYZER_NONNULL = YES;
				CLANG_ANALYZER_NUMBER_OBJECT_CONVERSION = YES_AGGRESSIVE;
				CLANG_CXX_LANGUAGE_STANDARD = "gnu++17";
				CLANG_ENABLE_MODULES = YES;
				CLANG_ENABLE_OBJC_ARC = YES;
				CLANG_ENABLE_OBJC_WEAK = YES;
				CLANG_WARN_BLOCK_CAPTURE_AUTORELEASING = YES;
				CLANG_WARN_BOOL_CONVERSION = YES;
				CLANG_WARN_COMMA = YES;
				CLANG_WARN_CONSTANT_CONVERSION = YES;
				CLANG_WARN_DEPRECATED_OBJC_IMPLEMENTATIONS = YES;
				CLANG_WARN_DIRECT_OBJC_ISA_USAGE = YES_ERROR;
				CLANG_WARN_DOCUMENTATION_COMMENTS = YES;
				CLANG_WARN_EMPTY_BODY = YES;
				CLANG_WARN_ENUM_CONVERSION = YES;
				CLANG_WARN_INFINITE_RECURSION = YES;
				CLANG_WARN_INT_CONVERSION = YES;
				CLANG_WARN_NON_LITERAL_NULL_CONVERSION = YES;
				CLANG_WARN_OBJC_IMPLICIT_RETAIN_SELF = YES;
				CLANG_WARN_OBJC_LITERAL_CONVERSION = YES;
				CLANG_WARN_OBJC_ROOT_CLASS = YES_ERROR;
				CLANG_WARN_QUOTED_INCLUDE_IN_FRAMEWORK_HEADER = YES;
				CLANG_WARN_RANGE_LOOP_ANALYSIS = YES;
				CLANG_WARN_STRICT_PROTOTYPES = YES;
				CLANG_WARN_SUSPICIOUS_MOVE = YES;
				CLANG_WARN_UNGUARDED_AVAILABILITY = YES_AGGRESSIVE;
				CLANG_WARN_UNREACHABLE_CODE = YES;
				CLANG_WARN__DUPLICATE_METHOD_MATCH = YES;
				COPY_PHASE_STRIP = NO;
				DEBUG_INFORMATION_FORMAT = "dwarf-with-dsym";
				ENABLE_NS_ASSERTIONS = NO;
				ENABLE_STRICT_OBJC_MSGSEND = YES;
				GCC_C_LANGUAGE_STANDARD = gnu11;
				GCC_NO_COMMON_BLOCKS = YES;
				GCC_WARN_64_TO_32_BIT_CONVERSION = YES;
				GCC_WARN_ABOUT_RETURN_TYPE = YES_ERROR;
				GCC_WARN_UNDECLARED_SELECTOR = YES;
				GCC_WARN_UNINITIALIZED_AUTOS = YES_AGGRESSIVE;
				GCC_WARN_UNUSED_FUNCTION = YES;
				GCC_WARN_UNUSED_VARIABLE = YES;
				IPHONEOS_DEPLOYMENT_TARGET = 15.5;
				MTL_ENABLE_DEBUG_INFO = NO;
				MTL_FAST_MATH = YES;
				SDKROOT = iphoneos;
				SWIFT_COMPILATION_MODE = wholemodule;
				SWIFT_OPTIMIZATION_LEVEL = "-O";
				VALIDATE_PRODUCT = YES;
			};
			name = Release;
		};
		FABB7C3928DA555D00D270D6 /* Debug */ = {
			isa = XCBuildConfiguration;
			buildSettings = {
				ASSETCATALOG_COMPILER_APPICON_NAME = AppIcon;
				ASSETCATALOG_COMPILER_GLOBAL_ACCENT_COLOR_NAME = AccentColor;
				CODE_SIGN_STYLE = Automatic;
				CURRENT_PROJECT_VERSION = 1;
				DEVELOPMENT_TEAM = 2MZZ36MSKF;
				GENERATE_INFOPLIST_FILE = YES;
				INFOPLIST_FILE = RxSwiftCarList/Info.plist;
				INFOPLIST_KEY_UIApplicationSupportsIndirectInputEvents = YES;
				INFOPLIST_KEY_UILaunchStoryboardName = LaunchScreen;
				INFOPLIST_KEY_UIMainStoryboardFile = Main;
				INFOPLIST_KEY_UISupportedInterfaceOrientations_iPad = "UIInterfaceOrientationPortrait UIInterfaceOrientationPortraitUpsideDown UIInterfaceOrientationLandscapeLeft UIInterfaceOrientationLandscapeRight";
				INFOPLIST_KEY_UISupportedInterfaceOrientations_iPhone = "UIInterfaceOrientationPortrait UIInterfaceOrientationLandscapeLeft UIInterfaceOrientationLandscapeRight";
				LD_RUNPATH_SEARCH_PATHS = (
					"$(inherited)",
					"@executable_path/Frameworks",
				);
				MARKETING_VERSION = 1.0;
				PRODUCT_BUNDLE_IDENTIFIER = antalyalie.RxSwiftCarList;
				PRODUCT_NAME = "$(TARGET_NAME)";
				SWIFT_EMIT_LOC_STRINGS = YES;
				SWIFT_VERSION = 5.0;
				TARGETED_DEVICE_FAMILY = "1,2";
			};
			name = Debug;
		};
		FABB7C3A28DA555D00D270D6 /* Release */ = {
			isa = XCBuildConfiguration;
			buildSettings = {
				ASSETCATALOG_COMPILER_APPICON_NAME = AppIcon;
				ASSETCATALOG_COMPILER_GLOBAL_ACCENT_COLOR_NAME = AccentColor;
				CODE_SIGN_STYLE = Automatic;
				CURRENT_PROJECT_VERSION = 1;
				DEVELOPMENT_TEAM = 2MZZ36MSKF;
				GENERATE_INFOPLIST_FILE = YES;
				INFOPLIST_FILE = RxSwiftCarList/Info.plist;
				INFOPLIST_KEY_UIApplicationSupportsIndirectInputEvents = YES;
				INFOPLIST_KEY_UILaunchStoryboardName = LaunchScreen;
				INFOPLIST_KEY_UIMainStoryboardFile = Main;
				INFOPLIST_KEY_UISupportedInterfaceOrientations_iPad = "UIInterfaceOrientationPortrait UIInterfaceOrientationPortraitUpsideDown UIInterfaceOrientationLandscapeLeft UIInterfaceOrientationLandscapeRight";
				INFOPLIST_KEY_UISupportedInterfaceOrientations_iPhone = "UIInterfaceOrientationPortrait UIInterfaceOrientationLandscapeLeft UIInterfaceOrientationLandscapeRight";
				LD_RUNPATH_SEARCH_PATHS = (
					"$(inherited)",
					"@executable_path/Frameworks",
				);
				MARKETING_VERSION = 1.0;
				PRODUCT_BUNDLE_IDENTIFIER = antalyalie.RxSwiftCarList;
				PRODUCT_NAME = "$(TARGET_NAME)";
				SWIFT_EMIT_LOC_STRINGS = YES;
				SWIFT_VERSION = 5.0;
				TARGETED_DEVICE_FAMILY = "1,2";
			};
			name = Release;
		};
/* End XCBuildConfiguration section */

/* Begin XCConfigurationList section */
		FABB7C1F28DA555900D270D6 /* Build configuration list for PBXProject "RxSwiftCarList" */ = {
			isa = XCConfigurationList;
			buildConfigurations = (
				FABB7C3628DA555D00D270D6 /* Debug */,
				FABB7C3728DA555D00D270D6 /* Release */,
			);
			defaultConfigurationIsVisible = 0;
			defaultConfigurationName = Release;
		};
		FABB7C3828DA555D00D270D6 /* Build configuration list for PBXNativeTarget "RxSwiftCarList" */ = {
			isa = XCConfigurationList;
			buildConfigurations = (
				FABB7C3928DA555D00D270D6 /* Debug */,
				FABB7C3A28DA555D00D270D6 /* Release */,
			);
			defaultConfigurationIsVisible = 0;
			defaultConfigurationName = Release;
		};
/* End XCConfigurationList section */

/* Begin XCRemoteSwiftPackageReference section */
		FABB7C3B28DA557700D270D6 /* XCRemoteSwiftPackageReference "RxSwift" */ = {
			isa = XCRemoteSwiftPackageReference;
			repositoryURL = "https://github.com/ReactiveX/RxSwift.git";
			requirement = {
				branch = main;
				kind = branch;
			};
		};
/* End XCRemoteSwiftPackageReference section */

/* Begin XCSwiftPackageProductDependency section */
		FABB7C3C28DA557700D270D6 /* RxCocoa */ = {
			isa = XCSwiftPackageProductDependency;
			package = FABB7C3B28DA557700D270D6 /* XCRemoteSwiftPackageReference "RxSwift" */;
			productName = RxCocoa;
		};
		FABB7C3E28DA557700D270D6 /* RxSwift */ = {
			isa = XCSwiftPackageProductDependency;
			package = FABB7C3B28DA557700D270D6 /* XCRemoteSwiftPackageReference "RxSwift" */;
			productName = RxSwift;
		};
/* End XCSwiftPackageProductDependency section */
	};
	rootObject = FABB7C1C28DA555900D270D6 /* Project object */;
}
