// !$*UTF8*$!
{
	archiveVersion = 1;
	classes = {
	};
	objectVersion = 55;
	objects = {

/* Begin PBXBuildFile section */
		FA5F4F42284E79E0009B413E /* AppDelegate.swift in Sources */ = {isa = PBXBuildFile; fileRef = FA5F4F41284E79E0009B413E /* AppDelegate.swift */; };
		FA5F4F44284E79E0009B413E /* SceneDelegate.swift in Sources */ = {isa = PBXBuildFile; fileRef = FA5F4F43284E79E0009B413E /* SceneDelegate.swift */; };
		FA5F4F46284E79E0009B413E /* ViewController.swift in Sources */ = {isa = PBXBuildFile; fileRef = FA5F4F45284E79E0009B413E /* ViewController.swift */; };
		FA5F4F49284E79E0009B413E /* Main.storyboard in Resources */ = {isa = PBXBuildFile; fileRef = FA5F4F47284E79E0009B413E /* Main.storyboard */; };
		FA5F4F4B284E79E1009B413E /* Assets.xcassets in Resources */ = {isa = PBXBuildFile; fileRef = FA5F4F4A284E79E1009B413E /* Assets.xcassets */; };
		FA5F4F4E284E79E1009B413E /* LaunchScreen.storyboard in Resources */ = {isa = PBXBuildFile; fileRef = FA5F4F4C284E79E1009B413E /* LaunchScreen.storyboard */; };
		FA5F4F56284E7C01009B413E /* CryptoTableViewCell.swift in Sources */ = {isa = PBXBuildFile; fileRef = FA5F4F55284E7C01009B413E /* CryptoTableViewCell.swift */; };
		FA5F4F5A284E7F11009B413E /* CryptoModel.swift in Sources */ = {isa = PBXBuildFile; fileRef = FA5F4F59284E7F11009B413E /* CryptoModel.swift */; };
		FA5F4F5D284E80BB009B413E /* WebService.swift in Sources */ = {isa = PBXBuildFile; fileRef = FA5F4F5C284E80BB009B413E /* WebService.swift */; };
		FA5F4F60284E8A77009B413E /* CryptoViewModel.swift in Sources */ = {isa = PBXBuildFile; fileRef = FA5F4F5F284E8A77009B413E /* CryptoViewModel.swift */; };
/* End PBXBuildFile section */

/* Begin PBXFileReference section */
		FA5F4F3E284E79E0009B413E /* CryptoLiveApp.app */ = {isa = PBXFileReference; explicitFileType = wrapper.application; includeInIndex = 0; path = CryptoLiveApp.app; sourceTree = BUILT_PRODUCTS_DIR; };
		FA5F4F41284E79E0009B413E /* AppDelegate.swift */ = {isa = PBXFileReference; lastKnownFileType = sourcecode.swift; path = AppDelegate.swift; sourceTree = "<group>"; };
		FA5F4F43284E79E0009B413E /* SceneDelegate.swift */ = {isa = PBXFileReference; lastKnownFileType = sourcecode.swift; path = SceneDelegate.swift; sourceTree = "<group>"; };
		FA5F4F45284E79E0009B413E /* ViewController.swift */ = {isa = PBXFileReference; lastKnownFileType = sourcecode.swift; path = ViewController.swift; sourceTree = "<group>"; };
		FA5F4F48284E79E0009B413E /* Base */ = {isa = PBXFileReference; lastKnownFileType = file.storyboard; name = Base; path = Base.lproj/Main.storyboard; sourceTree = "<group>"; };
		FA5F4F4A284E79E1009B413E /* Assets.xcassets */ = {isa = PBXFileReference; lastKnownFileType = folder.assetcatalog; path = Assets.xcassets; sourceTree = "<group>"; };
		FA5F4F4D284E79E1009B413E /* Base */ = {isa = PBXFileReference; lastKnownFileType = file.storyboard; name = Base; path = Base.lproj/LaunchScreen.storyboard; sourceTree = "<group>"; };
		FA5F4F4F284E79E1009B413E /* Info.plist */ = {isa = PBXFileReference; lastKnownFileType = text.plist.xml; path = Info.plist; sourceTree = "<group>"; };
		FA5F4F55284E7C01009B413E /* CryptoTableViewCell.swift */ = {isa = PBXFileReference; lastKnownFileType = sourcecode.swift; path = CryptoTableViewCell.swift; sourceTree = "<group>"; };
		FA5F4F59284E7F11009B413E /* CryptoModel.swift */ = {isa = PBXFileReference; lastKnownFileType = sourcecode.swift; path = CryptoModel.swift; sourceTree = "<group>"; };
		FA5F4F5C284E80BB009B413E /* WebService.swift */ = {isa = PBXFileReference; lastKnownFileType = sourcecode.swift; path = WebService.swift; sourceTree = "<group>"; };
		FA5F4F5F284E8A77009B413E /* CryptoViewModel.swift */ = {isa = PBXFileReference; lastKnownFileType = sourcecode.swift; path = CryptoViewModel.swift; sourceTree = "<group>"; };
/* End PBXFileReference section */

/* Begin PBXFrameworksBuildPhase section */
		FA5F4F3B284E79E0009B413E /* Frameworks */ = {
			isa = PBXFrameworksBuildPhase;
			buildActionMask = 2147483647;
			files = (
			);
			runOnlyForDeploymentPostprocessing = 0;
		};
/* End PBXFrameworksBuildPhase section */

/* Begin PBXGroup section */
		FA5F4F35284E79E0009B413E = {
			isa = PBXGroup;
			children = (
				FA5F4F40284E79E0009B413E /* CryptoLiveApp */,
				FA5F4F3F284E79E0009B413E /* Products */,
			);
			sourceTree = "<group>";
		};
		FA5F4F3F284E79E0009B413E /* Products */ = {
			isa = PBXGroup;
			children = (
				FA5F4F3E284E79E0009B413E /* CryptoLiveApp.app */,
			);
			name = Products;
			sourceTree = "<group>";
		};
		FA5F4F40284E79E0009B413E /* CryptoLiveApp */ = {
			isa = PBXGroup;
			children = (
				FA5F4F5E284E8A58009B413E /* ViewModel */,
				FA5F4F5B284E80A1009B413E /* Service */,
				FA5F4F58284E7EF8009B413E /* Model */,
				FA5F4F57284E7ED9009B413E /* View */,
				FA5F4F47284E79E0009B413E /* Main.storyboard */,
				FA5F4F4A284E79E1009B413E /* Assets.xcassets */,
				FA5F4F4C284E79E1009B413E /* LaunchScreen.storyboard */,
				FA5F4F4F284E79E1009B413E /* Info.plist */,
			);
			path = CryptoLiveApp;
			sourceTree = "<group>";
		};
		FA5F4F57284E7ED9009B413E /* View */ = {
			isa = PBXGroup;
			children = (
				FA5F4F41284E79E0009B413E /* AppDelegate.swift */,
				FA5F4F43284E79E0009B413E /* SceneDelegate.swift */,
				FA5F4F55284E7C01009B413E /* CryptoTableViewCell.swift */,
				FA5F4F45284E79E0009B413E /* ViewController.swift */,
			);
			path = View;
			sourceTree = "<group>";
		};
		FA5F4F58284E7EF8009B413E /* Model */ = {
			isa = PBXGroup;
			children = (
				FA5F4F59284E7F11009B413E /* CryptoModel.swift */,
			);
			path = Model;
			sourceTree = "<group>";
		};
		FA5F4F5B284E80A1009B413E /* Service */ = {
			isa = PBXGroup;
			children = (
				FA5F4F5C284E80BB009B413E /* WebService.swift */,
			);
			path = Service;
			sourceTree = "<group>";
		};
		FA5F4F5E284E8A58009B413E /* ViewModel */ = {
			isa = PBXGroup;
			children = (
				FA5F4F5F284E8A77009B413E /* CryptoViewModel.swift */,
			);
			path = ViewModel;
			sourceTree = "<group>";
		};
/* End PBXGroup section */

/* Begin PBXNativeTarget section */
		FA5F4F3D284E79E0009B413E /* CryptoLiveApp */ = {
			isa = PBXNativeTarget;
			buildConfigurationList = FA5F4F52284E79E1009B413E /* Build configuration list for PBXNativeTarget "CryptoLiveApp" */;
			buildPhases = (
				FA5F4F3A284E79E0009B413E /* Sources */,
				FA5F4F3B284E79E0009B413E /* Frameworks */,
				FA5F4F3C284E79E0009B413E /* Resources */,
			);
			buildRules = (
			);
			dependencies = (
			);
			name = CryptoLiveApp;
			productName = CryptoLiveApp;
			productReference = FA5F4F3E284E79E0009B413E /* CryptoLiveApp.app */;
			productType = "com.apple.product-type.application";
		};
/* End PBXNativeTarget section */

/* Begin PBXProject section */
		FA5F4F36284E79E0009B413E /* Project object */ = {
			isa = PBXProject;
			attributes = {
				BuildIndependentTargetsInParallel = 1;
				LastSwiftUpdateCheck = 1340;
				LastUpgradeCheck = 1340;
				TargetAttributes = {
					FA5F4F3D284E79E0009B413E = {
						CreatedOnToolsVersion = 13.4;
					};
				};
			};
			buildConfigurationList = FA5F4F39284E79E0009B413E /* Build configuration list for PBXProject "CryptoLiveApp" */;
			compatibilityVersion = "Xcode 13.0";
			developmentRegion = en;
			hasScannedForEncodings = 0;
			knownRegions = (
				en,
				Base,
			);
			mainGroup = FA5F4F35284E79E0009B413E;
			productRefGroup = FA5F4F3F284E79E0009B413E /* Products */;
			projectDirPath = "";
			projectRoot = "";
			targets = (
				FA5F4F3D284E79E0009B413E /* CryptoLiveApp */,
			);
		};
/* End PBXProject section */

/* Begin PBXResourcesBuildPhase section */
		FA5F4F3C284E79E0009B413E /* Resources */ = {
			isa = PBXResourcesBuildPhase;
			buildActionMask = 2147483647;
			files = (
				FA5F4F4E284E79E1009B413E /* LaunchScreen.storyboard in Resources */,
				FA5F4F4B284E79E1009B413E /* Assets.xcassets in Resources */,
				FA5F4F49284E79E0009B413E /* Main.storyboard in Resources */,
			);
			runOnlyForDeploymentPostprocessing = 0;
		};
/* End PBXResourcesBuildPhase section */

/* Begin PBXSourcesBuildPhase section */
		FA5F4F3A284E79E0009B413E /* Sources */ = {
			isa = PBXSourcesBuildPhase;
			buildActionMask = 2147483647;
			files = (
				FA5F4F5D284E80BB009B413E /* WebService.swift in Sources */,
				FA5F4F56284E7C01009B413E /* CryptoTableViewCell.swift in Sources */,
				FA5F4F46284E79E0009B413E /* ViewController.swift in Sources */,
				FA5F4F60284E8A77009B413E /* CryptoViewModel.swift in Sources */,
				FA5F4F42284E79E0009B413E /* AppDelegate.swift in Sources */,
				FA5F4F44284E79E0009B413E /* SceneDelegate.swift in Sources */,
				FA5F4F5A284E7F11009B413E /* CryptoModel.swift in Sources */,
			);
			runOnlyForDeploymentPostprocessing = 0;
		};
/* End PBXSourcesBuildPhase section */

/* Begin PBXVariantGroup section */
		FA5F4F47284E79E0009B413E /* Main.storyboard */ = {
			isa = PBXVariantGroup;
			children = (
				FA5F4F48284E79E0009B413E /* Base */,
			);
			name = Main.storyboard;
			sourceTree = "<group>";
		};
		FA5F4F4C284E79E1009B413E /* LaunchScreen.storyboard */ = {
			isa = PBXVariantGroup;
			children = (
				FA5F4F4D284E79E1009B413E /* Base */,
			);
			name = LaunchScreen.storyboard;
			sourceTree = "<group>";
		};
/* End PBXVariantGroup section */

/* Begin XCBuildConfiguration section */
		FA5F4F50284E79E1009B413E /* Debug */ = {
			isa = XCBuildConfiguration;
			buildSettings = {
				ALWAYS_SEARCH_USER_PATHS = NO;
				CLANG_ANALYZER_NONNULL = YES;
				CLANG_ANALYZER_NUMBER_OBJECT_CONVERSION = YES_AGGRESSIVE;
				CLANG_CXX_LANGUAGE_STANDARD = "gnu++17";
				CLANG_ENABLE_MODULES = YES;
				CLANG_ENABLE_OBJC_ARC = YES;
				CLANG_ENABLE_OBJC_WEAK = YES;
				CLANG_WARN_BLOCK_CAPTURE_AUTORELEASING = YES;
				CLANG_WARN_BOOL_CONVERSION = YES;
				CLANG_WARN_COMMA = YES;
				CLANG_WARN_CONSTANT_CONVERSION = YES;
				CLANG_WARN_DEPRECATED_OBJC_IMPLEMENTATIONS = YES;
				CLANG_WARN_DIRECT_OBJC_ISA_USAGE = YES_ERROR;
				CLANG_WARN_DOCUMENTATION_COMMENTS = YES;
				CLANG_WARN_EMPTY_BODY = YES;
				CLANG_WARN_ENUM_CONVERSION = YES;
				CLANG_WARN_INFINITE_RECURSION = YES;
				CLANG_WARN_INT_CONVERSION = YES;
				CLANG_WARN_NON_LITERAL_NULL_CONVERSION = YES;
				CLANG_WARN_OBJC_IMPLICIT_RETAIN_SELF = YES;
				CLANG_WARN_OBJC_LITERAL_CONVERSION = YES;
				CLANG_WARN_OBJC_ROOT_CLASS = YES_ERROR;
				CLANG_WARN_QUOTED_INCLUDE_IN_FRAMEWORK_HEADER = YES;
				CLANG_WARN_RANGE_LOOP_ANALYSIS = YES;
				CLANG_WARN_STRICT_PROTOTYPES = YES;
				CLANG_WARN_SUSPICIOUS_MOVE = YES;
				CLANG_WARN_UNGUARDED_AVAILABILITY = YES_AGGRESSIVE;
				CLANG_WARN_UNREACHABLE_CODE = YES;
				CLANG_WARN__DUPLICATE_METHOD_MATCH = YES;
				COPY_PHASE_STRIP = NO;
				DEBUG_INFORMATION_FORMAT = dwarf;
				ENABLE_STRICT_OBJC_MSGSEND = YES;
				ENABLE_TESTABILITY = YES;
				GCC_C_LANGUAGE_STANDARD = gnu11;
				GCC_DYNAMIC_NO_PIC = NO;
				GCC_NO_COMMON_BLOCKS = YES;
				GCC_OPTIMIZATION_LEVEL = 0;
				GCC_PREPROCESSOR_DEFINITIONS = (
					"DEBUG=1",
					"$(inherited)",
				);
				GCC_WARN_64_TO_32_BIT_CONVERSION = YES;
				GCC_WARN_ABOUT_RETURN_TYPE = YES_ERROR;
				GCC_WARN_UNDECLARED_SELECTOR = YES;
				GCC_WARN_UNINITIALIZED_AUTOS = YES_AGGRESSIVE;
				GCC_WARN_UNUSED_FUNCTION = YES;
				GCC_WARN_UNUSED_VARIABLE = YES;
				IPHONEOS_DEPLOYMENT_TARGET = 15.5;
				MTL_ENABLE_DEBUG_INFO = INCLUDE_SOURCE;
				MTL_FAST_MATH = YES;
				ONLY_ACTIVE_ARCH = YES;
				SDKROOT = iphoneos;
				SWIFT_ACTIVE_COMPILATION_CONDITIONS = DEBUG;
				SWIFT_OPTIMIZATION_LEVEL = "-Onone";
			};
			name = Debug;
		};
		FA5F4F51284E79E1009B413E /* Release */ = {
			isa = XCBuildConfiguration;
			buildSettings = {
				ALWAYS_SEARCH_USER_PATHS = NO;
				CLANG_ANALYZER_NONNULL = YES;
				CLANG_ANALYZER_NUMBER_OBJECT_CONVERSION = YES_AGGRESSIVE;
				CLANG_CXX_LANGUAGE_STANDARD = "gnu++17";
				CLANG_ENABLE_MODULES = YES;
				CLANG_ENABLE_OBJC_ARC = YES;
				CLANG_ENABLE_OBJC_WEAK = YES;
				CLANG_WARN_BLOCK_CAPTURE_AUTORELEASING = YES;
				CLANG_WARN_BOOL_CONVERSION = YES;
				CLANG_WARN_COMMA = YES;
				CLANG_WARN_CONSTANT_CONVERSION = YES;
				CLANG_WARN_DEPRECATED_OBJC_IMPLEMENTATIONS = YES;
				CLANG_WARN_DIRECT_OBJC_ISA_USAGE = YES_ERROR;
				CLANG_WARN_DOCUMENTATION_COMMENTS = YES;
				CLANG_WARN_EMPTY_BODY = YES;
				CLANG_WARN_ENUM_CONVERSION = YES;
				CLANG_WARN_INFINITE_RECURSION = YES;
				CLANG_WARN_INT_CONVERSION = YES;
				CLANG_WARN_NON_LITERAL_NULL_CONVERSION = YES;
				CLANG_WARN_OBJC_IMPLICIT_RETAIN_SELF = YES;
				CLANG_WARN_OBJC_LITERAL_CONVERSION = YES;
				CLANG_WARN_OBJC_ROOT_CLASS = YES_ERROR;
				CLANG_WARN_QUOTED_INCLUDE_IN_FRAMEWORK_HEADER = YES;
				CLANG_WARN_RANGE_LOOP_ANALYSIS = YES;
				CLANG_WARN_STRICT_PROTOTYPES = YES;
				CLANG_WARN_SUSPICIOUS_MOVE = YES;
				CLANG_WARN_UNGUARDED_AVAILABILITY = YES_AGGRESSIVE;
				CLANG_WARN_UNREACHABLE_CODE = YES;
				CLANG_WARN__DUPLICATE_METHOD_MATCH = YES;
				COPY_PHASE_STRIP = NO;
				DEBUG_INFORMATION_FORMAT = "dwarf-with-dsym";
				ENABLE_NS_ASSERTIONS = NO;
				ENABLE_STRICT_OBJC_MSGSEND = YES;
				GCC_C_LANGUAGE_STANDARD = gnu11;
				GCC_NO_COMMON_BLOCKS = YES;
				GCC_WARN_64_TO_32_BIT_CONVERSION = YES;
				GCC_WARN_ABOUT_RETURN_TYPE = YES_ERROR;
				GCC_WARN_UNDECLARED_SELECTOR = YES;
				GCC_WARN_UNINITIALIZED_AUTOS = YES_AGGRESSIVE;
				GCC_WARN_UNUSED_FUNCTION = YES;
				GCC_WARN_UNUSED_VARIABLE = YES;
				IPHONEOS_DEPLOYMENT_TARGET = 15.5;
				MTL_ENABLE_DEBUG_INFO = NO;
				MTL_FAST_MATH = YES;
				SDKROOT = iphoneos;
				SWIFT_COMPILATION_MODE = wholemodule;
				SWIFT_OPTIMIZATION_LEVEL = "-O";
				VALIDATE_PRODUCT = YES;
			};
			name = Release;
		};
		FA5F4F53284E79E1009B413E /* Debug */ = {
			isa = XCBuildConfiguration;
			buildSettings = {
				ASSETCATALOG_COMPILER_APPICON_NAME = AppIcon;
				ASSETCATALOG_COMPILER_GLOBAL_ACCENT_COLOR_NAME = AccentColor;
				CODE_SIGN_STYLE = Automatic;
				CURRENT_PROJECT_VERSION = 1;
				DEVELOPMENT_TEAM = 2MZZ36MSKF;
				GENERATE_INFOPLIST_FILE = YES;
				INFOPLIST_FILE = CryptoLiveApp/Info.plist;
				INFOPLIST_KEY_UIApplicationSupportsIndirectInputEvents = YES;
				INFOPLIST_KEY_UILaunchStoryboardName = LaunchScreen;
				INFOPLIST_KEY_UIMainStoryboardFile = Main;
				INFOPLIST_KEY_UISupportedInterfaceOrientations_iPad = "UIInterfaceOrientationPortrait UIInterfaceOrientationPortraitUpsideDown UIInterfaceOrientationLandscapeLeft UIInterfaceOrientationLandscapeRight";
				INFOPLIST_KEY_UISupportedInterfaceOrientations_iPhone = "UIInterfaceOrientationPortrait UIInterfaceOrientationLandscapeLeft UIInterfaceOrientationLandscapeRight";
				LD_RUNPATH_SEARCH_PATHS = (
					"$(inherited)",
					"@executable_path/Frameworks",
				);
				MARKETING_VERSION = 1.0;
				PRODUCT_BUNDLE_IDENTIFIER = antalyalie.CryptoLiveApp;
				PRODUCT_NAME = "$(TARGET_NAME)";
				SWIFT_EMIT_LOC_STRINGS = YES;
				SWIFT_VERSION = 5.0;
				TARGETED_DEVICE_FAMILY = "1,2";
			};
			name = Debug;
		};
		FA5F4F54284E79E1009B413E /* Release */ = {
			isa = XCBuildConfiguration;
			buildSettings = {
				ASSETCATALOG_COMPILER_APPICON_NAME = AppIcon;
				ASSETCATALOG_COMPILER_GLOBAL_ACCENT_COLOR_NAME = AccentColor;
				CODE_SIGN_STYLE = Automatic;
				CURRENT_PROJECT_VERSION = 1;
				DEVELOPMENT_TEAM = 2MZZ36MSKF;
				GENERATE_INFOPLIST_FILE = YES;
				INFOPLIST_FILE = CryptoLiveApp/Info.plist;
				INFOPLIST_KEY_UIApplicationSupportsIndirectInputEvents = YES;
				INFOPLIST_KEY_UILaunchStoryboardName = LaunchScreen;
				INFOPLIST_KEY_UIMainStoryboardFile = Main;
				INFOPLIST_KEY_UISupportedInterfaceOrientations_iPad = "UIInterfaceOrientationPortrait UIInterfaceOrientationPortraitUpsideDown UIInterfaceOrientationLandscapeLeft UIInterfaceOrientationLandscapeRight";
				INFOPLIST_KEY_UISupportedInterfaceOrientations_iPhone = "UIInterfaceOrientationPortrait UIInterfaceOrientationLandscapeLeft UIInterfaceOrientationLandscapeRight";
				LD_RUNPATH_SEARCH_PATHS = (
					"$(inherited)",
					"@executable_path/Frameworks",
				);
				MARKETING_VERSION = 1.0;
				PRODUCT_BUNDLE_IDENTIFIER = antalyalie.CryptoLiveApp;
				PRODUCT_NAME = "$(TARGET_NAME)";
				SWIFT_EMIT_LOC_STRINGS = YES;
				SWIFT_VERSION = 5.0;
				TARGETED_DEVICE_FAMILY = "1,2";
			};
			name = Release;
		};
/* End XCBuildConfiguration section */

/* Begin XCConfigurationList section */
		FA5F4F39284E79E0009B413E /* Build configuration list for PBXProject "CryptoLiveApp" */ = {
			isa = XCConfigurationList;
			buildConfigurations = (
				FA5F4F50284E79E1009B413E /* Debug */,
				FA5F4F51284E79E1009B413E /* Release */,
			);
			defaultConfigurationIsVisible = 0;
			defaultConfigurationName = Release;
		};
		FA5F4F52284E79E1009B413E /* Build configuration list for PBXNativeTarget "CryptoLiveApp" */ = {
			isa = XCConfigurationList;
			buildConfigurations = (
				FA5F4F53284E79E1009B413E /* Debug */,
				FA5F4F54284E79E1009B413E /* Release */,
			);
			defaultConfigurationIsVisible = 0;
			defaultConfigurationName = Release;
		};
/* End XCConfigurationList section */
	};
	rootObject = FA5F4F36284E79E0009B413E /* Project object */;
}
